// !$*UTF8*$!
{
	archiveVersion = 1;
	classes = {
	};
	objectVersion = 46;
	objects = {

/* Begin PBXBuildFile section */
		3F6FB62F1F39FF52001BF4E4 /* main.m in Sources */ = {isa = PBXBuildFile; fileRef = 3F6FB62E1F39FF52001BF4E4 /* main.m */; };
		3F6FB6321F39FF52001BF4E4 /* AppDelegate.m in Sources */ = {isa = PBXBuildFile; fileRef = 3F6FB6311F39FF52001BF4E4 /* AppDelegate.m */; };
		3F6FB6351F39FF52001BF4E4 /* ViewController.m in Sources */ = {isa = PBXBuildFile; fileRef = 3F6FB6341F39FF52001BF4E4 /* ViewController.m */; };
		3F6FB6381F39FF52001BF4E4 /* Main.storyboard in Resources */ = {isa = PBXBuildFile; fileRef = 3F6FB6361F39FF52001BF4E4 /* Main.storyboard */; };
		3F6FB63A1F39FF52001BF4E4 /* Assets.xcassets in Resources */ = {isa = PBXBuildFile; fileRef = 3F6FB6391F39FF52001BF4E4 /* Assets.xcassets */; };
		3F6FB63D1F39FF52001BF4E4 /* LaunchScreen.storyboard in Resources */ = {isa = PBXBuildFile; fileRef = 3F6FB63B1F39FF52001BF4E4 /* LaunchScreen.storyboard */; };
		3F6FB6481F39FF52001BF4E4 /* ___Tests.m in Sources */ = {isa = PBXBuildFile; fileRef = 3F6FB6471F39FF52001BF4E4 /* ___Tests.m */; };
		3F6FB6531F39FF52001BF4E4 /* ___UITests.m in Sources */ = {isa = PBXBuildFile; fileRef = 3F6FB6521F39FF52001BF4E4 /* ___UITests.m */; };
		3F6FB6621F3A0F5A001BF4E4 /* UILabel+SpaceUtils.m in Sources */ = {isa = PBXBuildFile; fileRef = 3F6FB6611F3A0F5A001BF4E4 /* UILabel+SpaceUtils.m */; };
/* End PBXBuildFile section */

/* Begin PBXContainerItemProxy section */
		3F6FB6441F39FF52001BF4E4 /* PBXContainerItemProxy */ = {
			isa = PBXContainerItemProxy;
			containerPortal = 3F6FB6221F39FF52001BF4E4 /* Project object */;
			proxyType = 1;
			remoteGlobalIDString = 3F6FB6291F39FF52001BF4E4;
			remoteInfo = "行间距";
		};
		3F6FB64F1F39FF52001BF4E4 /* PBXContainerItemProxy */ = {
			isa = PBXContainerItemProxy;
			containerPortal = 3F6FB6221F39FF52001BF4E4 /* Project object */;
			proxyType = 1;
			remoteGlobalIDString = 3F6FB6291F39FF52001BF4E4;
			remoteInfo = "行间距";
		};
/* End PBXContainerItemProxy section */

/* Begin PBXFileReference section */
		3F6FB62A1F39FF52001BF4E4 /* 行间距.app */ = {isa = PBXFileReference; explicitFileType = wrapper.application; includeInIndex = 0; path = "行间距.app"; sourceTree = BUILT_PRODUCTS_DIR; };
		3F6FB62E1F39FF52001BF4E4 /* main.m */ = {isa = PBXFileReference; lastKnownFileType = sourcecode.c.objc; path = main.m; sourceTree = "<group>"; };
		3F6FB6301F39FF52001BF4E4 /* AppDelegate.h */ = {isa = PBXFileReference; lastKnownFileType = sourcecode.c.h; path = AppDelegate.h; sourceTree = "<group>"; };
		3F6FB6311F39FF52001BF4E4 /* AppDelegate.m */ = {isa = PBXFileReference; lastKnownFileType = sourcecode.c.objc; path = AppDelegate.m; sourceTree = "<group>"; };
		3F6FB6331F39FF52001BF4E4 /* ViewController.h */ = {isa = PBXFileReference; lastKnownFileType = sourcecode.c.h; path = ViewController.h; sourceTree = "<group>"; };
		3F6FB6341F39FF52001BF4E4 /* ViewController.m */ = {isa = PBXFileReference; lastKnownFileType = sourcecode.c.objc; path = ViewController.m; sourceTree = "<group>"; };
		3F6FB6371F39FF52001BF4E4 /* Base */ = {isa = PBXFileReference; lastKnownFileType = file.storyboard; name = Base; path = Base.lproj/Main.storyboard; sourceTree = "<group>"; };
		3F6FB6391F39FF52001BF4E4 /* Assets.xcassets */ = {isa = PBXFileReference; lastKnownFileType = folder.assetcatalog; path = Assets.xcassets; sourceTree = "<group>"; };
		3F6FB63C1F39FF52001BF4E4 /* Base */ = {isa = PBXFileReference; lastKnownFileType = file.storyboard; name = Base; path = Base.lproj/LaunchScreen.storyboard; sourceTree = "<group>"; };
		3F6FB63E1F39FF52001BF4E4 /* Info.plist */ = {isa = PBXFileReference; lastKnownFileType = text.plist.xml; path = Info.plist; sourceTree = "<group>"; };
		3F6FB6431F39FF52001BF4E4 /* 行间距Tests.xctest */ = {isa = PBXFileReference; explicitFileType = wrapper.cfbundle; includeInIndex = 0; path = "行间距Tests.xctest"; sourceTree = BUILT_PRODUCTS_DIR; };
		3F6FB6471F39FF52001BF4E4 /* ___Tests.m */ = {isa = PBXFileReference; lastKnownFileType = sourcecode.c.objc; path = "___Tests.m"; sourceTree = "<group>"; };
		3F6FB6491F39FF52001BF4E4 /* Info.plist */ = {isa = PBXFileReference; lastKnownFileType = text.plist.xml; path = Info.plist; sourceTree = "<group>"; };
		3F6FB64E1F39FF52001BF4E4 /* 行间距UITests.xctest */ = {isa = PBXFileReference; explicitFileType = wrapper.cfbundle; includeInIndex = 0; path = "行间距UITests.xctest"; sourceTree = BUILT_PRODUCTS_DIR; };
		3F6FB6521F39FF52001BF4E4 /* ___UITests.m */ = {isa = PBXFileReference; lastKnownFileType = sourcecode.c.objc; path = "___UITests.m"; sourceTree = "<group>"; };
		3F6FB6541F39FF52001BF4E4 /* Info.plist */ = {isa = PBXFileReference; lastKnownFileType = text.plist.xml; path = Info.plist; sourceTree = "<group>"; };
		3F6FB6601F3A0F5A001BF4E4 /* UILabel+SpaceUtils.h */ = {isa = PBXFileReference; fileEncoding = 4; lastKnownFileType = sourcecode.c.h; path = "UILabel+SpaceUtils.h"; sourceTree = "<group>"; };
		3F6FB6611F3A0F5A001BF4E4 /* UILabel+SpaceUtils.m */ = {isa = PBXFileReference; fileEncoding = 4; lastKnownFileType = sourcecode.c.objc; path = "UILabel+SpaceUtils.m"; sourceTree = "<group>"; };
/* End PBXFileReference section */

/* Begin PBXFrameworksBuildPhase section */
		3F6FB6271F39FF52001BF4E4 /* Frameworks */ = {
			isa = PBXFrameworksBuildPhase;
			buildActionMask = 2147483647;
			files = (
			);
			runOnlyForDeploymentPostprocessing = 0;
		};
		3F6FB6401F39FF52001BF4E4 /* Frameworks */ = {
			isa = PBXFrameworksBuildPhase;
			buildActionMask = 2147483647;
			files = (
			);
			runOnlyForDeploymentPostprocessing = 0;
		};
		3F6FB64B1F39FF52001BF4E4 /* Frameworks */ = {
			isa = PBXFrameworksBuildPhase;
			buildActionMask = 2147483647;
			files = (
			);
			runOnlyForDeploymentPostprocessing = 0;
		};
/* End PBXFrameworksBuildPhase section */

/* Begin PBXGroup section */
		3F6FB6211F39FF52001BF4E4 = {
			isa = PBXGroup;
			children = (
				3F6FB62C1F39FF52001BF4E4 /* 行间距 */,
				3F6FB6461F39FF52001BF4E4 /* 行间距Tests */,
				3F6FB6511F39FF52001BF4E4 /* 行间距UITests */,
				3F6FB62B1F39FF52001BF4E4 /* Products */,
			);
			sourceTree = "<group>";
		};
		3F6FB62B1F39FF52001BF4E4 /* Products */ = {
			isa = PBXGroup;
			children = (
				3F6FB62A1F39FF52001BF4E4 /* 行间距.app */,
				3F6FB6431F39FF52001BF4E4 /* 行间距Tests.xctest */,
				3F6FB64E1F39FF52001BF4E4 /* 行间距UITests.xctest */,
			);
			name = Products;
			sourceTree = "<group>";
		};
		3F6FB62C1F39FF52001BF4E4 /* 行间距 */ = {
			isa = PBXGroup;
			children = (
				3F6FB6301F39FF52001BF4E4 /* AppDelegate.h */,
				3F6FB6311F39FF52001BF4E4 /* AppDelegate.m */,
				3F6FB6331F39FF52001BF4E4 /* ViewController.h */,
				3F6FB6341F39FF52001BF4E4 /* ViewController.m */,
				3F6FB6601F3A0F5A001BF4E4 /* UILabel+SpaceUtils.h */,
				3F6FB6611F3A0F5A001BF4E4 /* UILabel+SpaceUtils.m */,
				3F6FB6361F39FF52001BF4E4 /* Main.storyboard */,
				3F6FB6391F39FF52001BF4E4 /* Assets.xcassets */,
				3F6FB63B1F39FF52001BF4E4 /* LaunchScreen.storyboard */,
				3F6FB63E1F39FF52001BF4E4 /* Info.plist */,
				3F6FB62D1F39FF52001BF4E4 /* Supporting Files */,
			);
			path = "行间距";
			sourceTree = "<group>";
		};
		3F6FB62D1F39FF52001BF4E4 /* Supporting Files */ = {
			isa = PBXGroup;
			children = (
				3F6FB62E1F39FF52001BF4E4 /* main.m */,
			);
			name = "Supporting Files";
			sourceTree = "<group>";
		};
		3F6FB6461F39FF52001BF4E4 /* 行间距Tests */ = {
			isa = PBXGroup;
			children = (
				3F6FB6471F39FF52001BF4E4 /* ___Tests.m */,
				3F6FB6491F39FF52001BF4E4 /* Info.plist */,
			);
			path = "行间距Tests";
			sourceTree = "<group>";
		};
		3F6FB6511F39FF52001BF4E4 /* 行间距UITests */ = {
			isa = PBXGroup;
			children = (
				3F6FB6521F39FF52001BF4E4 /* ___UITests.m */,
				3F6FB6541F39FF52001BF4E4 /* Info.plist */,
			);
			path = "行间距UITests";
			sourceTree = "<group>";
		};
/* End PBXGroup section */

/* Begin PBXNativeTarget section */
		3F6FB6291F39FF52001BF4E4 /* 行间距 */ = {
			isa = PBXNativeTarget;
			buildConfigurationList = 3F6FB6571F39FF52001BF4E4 /* Build configuration list for PBXNativeTarget "行间距" */;
			buildPhases = (
				3F6FB6261F39FF52001BF4E4 /* Sources */,
				3F6FB6271F39FF52001BF4E4 /* Frameworks */,
				3F6FB6281F39FF52001BF4E4 /* Resources */,
			);
			buildRules = (
			);
			dependencies = (
			);
			name = "行间距";
			productName = "行间距";
			productReference = 3F6FB62A1F39FF52001BF4E4 /* 行间距.app */;
			productType = "com.apple.product-type.application";
		};
		3F6FB6421F39FF52001BF4E4 /* 行间距Tests */ = {
			isa = PBXNativeTarget;
			buildConfigurationList = 3F6FB65A1F39FF52001BF4E4 /* Build configuration list for PBXNativeTarget "行间距Tests" */;
			buildPhases = (
				3F6FB63F1F39FF52001BF4E4 /* Sources */,
				3F6FB6401F39FF52001BF4E4 /* Frameworks */,
				3F6FB6411F39FF52001BF4E4 /* Resources */,
			);
			buildRules = (
			);
			dependencies = (
				3F6FB6451F39FF52001BF4E4 /* PBXTargetDependency */,
			);
			name = "行间距Tests";
			productName = "行间距Tests";
			productReference = 3F6FB6431F39FF52001BF4E4 /* 行间距Tests.xctest */;
			productType = "com.apple.product-type.bundle.unit-test";
		};
		3F6FB64D1F39FF52001BF4E4 /* 行间距UITests */ = {
			isa = PBXNativeTarget;
			buildConfigurationList = 3F6FB65D1F39FF52001BF4E4 /* Build configuration list for PBXNativeTarget "行间距UITests" */;
			buildPhases = (
				3F6FB64A1F39FF52001BF4E4 /* Sources */,
				3F6FB64B1F39FF52001BF4E4 /* Frameworks */,
				3F6FB64C1F39FF52001BF4E4 /* Resources */,
			);
			buildRules = (
			);
			dependencies = (
				3F6FB6501F39FF52001BF4E4 /* PBXTargetDependency */,
			);
			name = "行间距UITests";
			productName = "行间距UITests";
			productReference = 3F6FB64E1F39FF52001BF4E4 /* 行间距UITests.xctest */;
			productType = "com.apple.product-type.bundle.ui-testing";
		};
/* End PBXNativeTarget section */

/* Begin PBXProject section */
		3F6FB6221F39FF52001BF4E4 /* Project object */ = {
			isa = PBXProject;
			attributes = {
				LastUpgradeCheck = 0830;
				ORGANIZATIONNAME = Jeremy;
				TargetAttributes = {
					3F6FB6291F39FF52001BF4E4 = {
						CreatedOnToolsVersion = 8.3.3;
						DevelopmentTeam = 5K5YDNE7LZ;
						ProvisioningStyle = Automatic;
					};
					3F6FB6421F39FF52001BF4E4 = {
						CreatedOnToolsVersion = 8.3.3;
						DevelopmentTeam = 5K5YDNE7LZ;
						ProvisioningStyle = Automatic;
						TestTargetID = 3F6FB6291F39FF52001BF4E4;
					};
					3F6FB64D1F39FF52001BF4E4 = {
						CreatedOnToolsVersion = 8.3.3;
						DevelopmentTeam = 5K5YDNE7LZ;
						ProvisioningStyle = Automatic;
						TestTargetID = 3F6FB6291F39FF52001BF4E4;
					};
				};
			};
			buildConfigurationList = 3F6FB6251F39FF52001BF4E4 /* Build configuration list for PBXProject "行间距" */;
			compatibilityVersion = "Xcode 3.2";
			developmentRegion = English;
			hasScannedForEncodings = 0;
			knownRegions = (
				en,
				Base,
			);
			mainGroup = 3F6FB6211F39FF52001BF4E4;
			productRefGroup = 3F6FB62B1F39FF52001BF4E4 /* Products */;
			projectDirPath = "";
			projectRoot = "";
			targets = (
				3F6FB6291F39FF52001BF4E4 /* 行间距 */,
				3F6FB6421F39FF52001BF4E4 /* 行间距Tests */,
				3F6FB64D1F39FF52001BF4E4 /* 行间距UITests */,
			);
		};
/* End PBXProject section */

/* Begin PBXResourcesBuildPhase section */
		3F6FB6281F39FF52001BF4E4 /* Resources */ = {
			isa = PBXResourcesBuildPhase;
			buildActionMask = 2147483647;
			files = (
				3F6FB63D1F39FF52001BF4E4 /* LaunchScreen.storyboard in Resources */,
				3F6FB63A1F39FF52001BF4E4 /* Assets.xcassets in Resources */,
				3F6FB6381F39FF52001BF4E4 /* Main.storyboard in Resources */,
			);
			runOnlyForDeploymentPostprocessing = 0;
		};
		3F6FB6411F39FF52001BF4E4 /* Resources */ = {
			isa = PBXResourcesBuildPhase;
			buildActionMask = 2147483647;
			files = (
			);
			runOnlyForDeploymentPostprocessing = 0;
		};
		3F6FB64C1F39FF52001BF4E4 /* Resources */ = {
			isa = PBXResourcesBuildPhase;
			buildActionMask = 2147483647;
			files = (
			);
			runOnlyForDeploymentPostprocessing = 0;
		};
/* End PBXResourcesBuildPhase section */

/* Begin PBXSourcesBuildPhase section */
		3F6FB6261F39FF52001BF4E4 /* Sources */ = {
			isa = PBXSourcesBuildPhase;
			buildActionMask = 2147483647;
			files = (
				3F6FB6351F39FF52001BF4E4 /* ViewController.m in Sources */,
				3F6FB6621F3A0F5A001BF4E4 /* UILabel+SpaceUtils.m in Sources */,
				3F6FB6321F39FF52001BF4E4 /* AppDelegate.m in Sources */,
				3F6FB62F1F39FF52001BF4E4 /* main.m in Sources */,
			);
			runOnlyForDeploymentPostprocessing = 0;
		};
		3F6FB63F1F39FF52001BF4E4 /* Sources */ = {
			isa = PBXSourcesBuildPhase;
			buildActionMask = 2147483647;
			files = (
				3F6FB6481F39FF52001BF4E4 /* ___Tests.m in Sources */,
			);
			runOnlyForDeploymentPostprocessing = 0;
		};
		3F6FB64A1F39FF52001BF4E4 /* Sources */ = {
			isa = PBXSourcesBuildPhase;
			buildActionMask = 2147483647;
			files = (
				3F6FB6531F39FF52001BF4E4 /* ___UITests.m in Sources */,
			);
			runOnlyForDeploymentPostprocessing = 0;
		};
/* End PBXSourcesBuildPhase section */

/* Begin PBXTargetDependency section */
		3F6FB6451F39FF52001BF4E4 /* PBXTargetDependency */ = {
			isa = PBXTargetDependency;
			target = 3F6FB6291F39FF52001BF4E4 /* 行间距 */;
			targetProxy = 3F6FB6441F39FF52001BF4E4 /* PBXContainerItemProxy */;
		};
		3F6FB6501F39FF52001BF4E4 /* PBXTargetDependency */ = {
			isa = PBXTargetDependency;
			target = 3F6FB6291F39FF52001BF4E4 /* 行间距 */;
			targetProxy = 3F6FB64F1F39FF52001BF4E4 /* PBXContainerItemProxy */;
		};
/* End PBXTargetDependency section */

/* Begin PBXVariantGroup section */
		3F6FB6361F39FF52001BF4E4 /* Main.storyboard */ = {
			isa = PBXVariantGroup;
			children = (
				3F6FB6371F39FF52001BF4E4 /* Base */,
			);
			name = Main.storyboard;
			sourceTree = "<group>";
		};
		3F6FB63B1F39FF52001BF4E4 /* LaunchScreen.storyboard */ = {
			isa = PBXVariantGroup;
			children = (
				3F6FB63C1F39FF52001BF4E4 /* Base */,
			);
			name = LaunchScreen.storyboard;
			sourceTree = "<group>";
		};
/* End PBXVariantGroup section */

/* Begin XCBuildConfiguration section */
		3F6FB6551F39FF52001BF4E4 /* Debug */ = {
			isa = XCBuildConfiguration;
			buildSettings = {
				ALWAYS_SEARCH_USER_PATHS = NO;
				CLANG_ANALYZER_NONNULL = YES;
				CLANG_ANALYZER_NUMBER_OBJECT_CONVERSION = YES_AGGRESSIVE;
				CLANG_CXX_LANGUAGE_STANDARD = "gnu++0x";
				CLANG_CXX_LIBRARY = "libc++";
				CLANG_ENABLE_MODULES = YES;
				CLANG_ENABLE_OBJC_ARC = YES;
				CLANG_WARN_BOOL_CONVERSION = YES;
				CLANG_WARN_CONSTANT_CONVERSION = YES;
				CLANG_WARN_DIRECT_OBJC_ISA_USAGE = YES_ERROR;
				CLANG_WARN_DOCUMENTATION_COMMENTS = YES;
				CLANG_WARN_EMPTY_BODY = YES;
				CLANG_WARN_ENUM_CONVERSION = YES;
				CLANG_WARN_INFINITE_RECURSION = YES;
				CLANG_WARN_INT_CONVERSION = YES;
				CLANG_WARN_OBJC_ROOT_CLASS = YES_ERROR;
				CLANG_WARN_SUSPICIOUS_MOVE = YES;
				CLANG_WARN_UNREACHABLE_CODE = YES;
				CLANG_WARN__DUPLICATE_METHOD_MATCH = YES;
				"CODE_SIGN_IDENTITY[sdk=iphoneos*]" = "iPhone Developer";
				COPY_PHASE_STRIP = NO;
				DEBUG_INFORMATION_FORMAT = dwarf;
				ENABLE_STRICT_OBJC_MSGSEND = YES;
				ENABLE_TESTABILITY = YES;
				GCC_C_LANGUAGE_STANDARD = gnu99;
				GCC_DYNAMIC_NO_PIC = NO;
				GCC_NO_COMMON_BLOCKS = YES;
				GCC_OPTIMIZATION_LEVEL = 0;
				GCC_PREPROCESSOR_DEFINITIONS = (
					"DEBUG=1",
					"$(inherited)",
				);
				GCC_WARN_64_TO_32_BIT_CONVERSION = YES;
				GCC_WARN_ABOUT_RETURN_TYPE = YES_ERROR;
				GCC_WARN_UNDECLARED_SELECTOR = YES;
				GCC_WARN_UNINITIALIZED_AUTOS = YES_AGGRESSIVE;
				GCC_WARN_UNUSED_FUNCTION = YES;
				GCC_WARN_UNUSED_VARIABLE = YES;
				IPHONEOS_DEPLOYMENT_TARGET = 10.3;
				MTL_ENABLE_DEBUG_INFO = YES;
				ONLY_ACTIVE_ARCH = YES;
				SDKROOT = iphoneos;
			};
			name = Debug;
		};
		3F6FB6561F39FF52001BF4E4 /* Release */ = {
			isa = XCBuildConfiguration;
			buildSettings = {
				ALWAYS_SEARCH_USER_PATHS = NO;
				CLANG_ANALYZER_NONNULL = YES;
				CLANG_ANALYZER_NUMBER_OBJECT_CONVERSION = YES_AGGRESSIVE;
				CLANG_CXX_LANGUAGE_STANDARD = "gnu++0x";
				CLANG_CXX_LIBRARY = "libc++";
				CLANG_ENABLE_MODULES = YES;
				CLANG_ENABLE_OBJC_ARC = YES;
				CLANG_WARN_BOOL_CONVERSION = YES;
				CLANG_WARN_CONSTANT_CONVERSION = YES;
				CLANG_WARN_DIRECT_OBJC_ISA_USAGE = YES_ERROR;
				CLANG_WARN_DOCUMENTATION_COMMENTS = YES;
				CLANG_WARN_EMPTY_BODY = YES;
				CLANG_WARN_ENUM_CONVERSION = YES;
				CLANG_WARN_INFINITE_RECURSION = YES;
				CLANG_WARN_INT_CONVERSION = YES;
				CLANG_WARN_OBJC_ROOT_CLASS = YES_ERROR;
				CLANG_WARN_SUSPICIOUS_MOVE = YES;
				CLANG_WARN_UNREACHABLE_CODE = YES;
				CLANG_WARN__DUPLICATE_METHOD_MATCH = YES;
				"CODE_SIGN_IDENTITY[sdk=iphoneos*]" = "iPhone Developer";
				COPY_PHASE_STRIP = NO;
				DEBUG_INFORMATION_FORMAT = "dwarf-with-dsym";
				ENABLE_NS_ASSERTIONS = NO;
				ENABLE_STRICT_OBJC_MSGSEND = YES;
				GCC_C_LANGUAGE_STANDARD = gnu99;
				GCC_NO_COMMON_BLOCKS = YES;
				GCC_WARN_64_TO_32_BIT_CONVERSION = YES;
				GCC_WARN_ABOUT_RETURN_TYPE = YES_ERROR;
				GCC_WARN_UNDECLARED_SELECTOR = YES;
				GCC_WARN_UNINITIALIZED_AUTOS = YES_AGGRESSIVE;
				GCC_WARN_UNUSED_FUNCTION = YES;
				GCC_WARN_UNUSED_VARIABLE = YES;
				IPHONEOS_DEPLOYMENT_TARGET = 10.3;
				MTL_ENABLE_DEBUG_INFO = NO;
				SDKROOT = iphoneos;
				VALIDATE_PRODUCT = YES;
			};
			name = Release;
		};
		3F6FB6581F39FF52001BF4E4 /* Debug */ = {
			isa = XCBuildConfiguration;
			buildSettings = {
				ASSETCATALOG_COMPILER_APPICON_NAME = AppIcon;
				DEVELOPMENT_TEAM = 5K5YDNE7LZ;
				INFOPLIST_FILE = "行间距/Info.plist";
				LD_RUNPATH_SEARCH_PATHS = "$(inherited) @executable_path/Frameworks";
				PRODUCT_BUNDLE_IDENTIFIER = "com.Jeremy.com.product.---";
				PRODUCT_NAME = "$(TARGET_NAME)";
			};
			name = Debug;
		};
		3F6FB6591F39FF52001BF4E4 /* Release */ = {
			isa = XCBuildConfiguration;
			buildSettings = {
				ASSETCATALOG_COMPILER_APPICON_NAME = AppIcon;
				DEVELOPMENT_TEAM = 5K5YDNE7LZ;
				INFOPLIST_FILE = "行间距/Info.plist";
				LD_RUNPATH_SEARCH_PATHS = "$(inherited) @executable_path/Frameworks";
				PRODUCT_BUNDLE_IDENTIFIER = "com.Jeremy.com.product.---";
				PRODUCT_NAME = "$(TARGET_NAME)";
			};
			name = Release;
		};
		3F6FB65B1F39FF52001BF4E4 /* Debug */ = {
			isa = XCBuildConfiguration;
			buildSettings = {
				BUNDLE_LOADER = "$(TEST_HOST)";
				DEVELOPMENT_TEAM = 5K5YDNE7LZ;
				INFOPLIST_FILE = "行间距Tests/Info.plist";
				LD_RUNPATH_SEARCH_PATHS = "$(inherited) @executable_path/Frameworks @loader_path/Frameworks";
				PRODUCT_BUNDLE_IDENTIFIER = "com.Jeremy.com.product.---Tests";
				PRODUCT_NAME = "$(TARGET_NAME)";
				TEST_HOST = "$(BUILT_PRODUCTS_DIR)/行间距.app/行间距";
			};
			name = Debug;
		};
		3F6FB65C1F39FF52001BF4E4 /* Release */ = {
			isa = XCBuildConfiguration;
			buildSettings = {
				BUNDLE_LOADER = "$(TEST_HOST)";
				DEVELOPMENT_TEAM = 5K5YDNE7LZ;
				INFOPLIST_FILE = "行间距Tests/Info.plist";
				LD_RUNPATH_SEARCH_PATHS = "$(inherited) @executable_path/Frameworks @loader_path/Frameworks";
				PRODUCT_BUNDLE_IDENTIFIER = "com.Jeremy.com.product.---Tests";
				PRODUCT_NAME = "$(TARGET_NAME)";
				TEST_HOST = "$(BUILT_PRODUCTS_DIR)/行间距.app/行间距";
			};
			name = Release;
		};
		3F6FB65E1F39FF52001BF4E4 /* Debug */ = {
			isa = XCBuildConfiguration;
			buildSettings = {
				DEVELOPMENT_TEAM = 5K5YDNE7LZ;
				INFOPLIST_FILE = "行间距UITests/Info.plist";
				LD_RUNPATH_SEARCH_PATHS = "$(inherited) @executable_path/Frameworks @loader_path/Frameworks";
				PRODUCT_BUNDLE_IDENTIFIER = "com.Jeremy.com.product.---UITests";
				PRODUCT_NAME = "$(TARGET_NAME)";
				TEST_TARGET_NAME = "行间距";
			};
			name = Debug;
		};
		3F6FB65F1F39FF52001BF4E4 /* Release */ = {
			isa = XCBuildConfiguration;
			buildSettings = {
				DEVELOPMENT_TEAM = 5K5YDNE7LZ;
				INFOPLIST_FILE = "行间距UITests/Info.plist";
				LD_RUNPATH_SEARCH_PATHS = "$(inherited) @executable_path/Frameworks @loader_path/Frameworks";
				PRODUCT_BUNDLE_IDENTIFIER = "com.Jeremy.com.product.---UITests";
				PRODUCT_NAME = "$(TARGET_NAME)";
				TEST_TARGET_NAME = "行间距";
			};
			name = Release;
		};
/* End XCBuildConfiguration section */

/* Begin XCConfigurationList section */
		3F6FB6251F39FF52001BF4E4 /* Build configuration list for PBXProject "行间距" */ = {
			isa = XCConfigurationList;
			buildConfigurations = (
				3F6FB6551F39FF52001BF4E4 /* Debug */,
				3F6FB6561F39FF52001BF4E4 /* Release */,
			);
			defaultConfigurationIsVisible = 0;
			defaultConfigurationName = Release;
		};
		3F6FB6571F39FF52001BF4E4 /* Build configuration list for PBXNativeTarget "行间距" */ = {
			isa = XCConfigurationList;
			buildConfigurations = (
				3F6FB6581F39FF52001BF4E4 /* Debug */,
				3F6FB6591F39FF52001BF4E4 /* Release */,
			);
			defaultConfigurationIsVisible = 0;
		};
		3F6FB65A1F39FF52001BF4E4 /* Build configuration list for PBXNativeTarget "行间距Tests" */ = {
			isa = XCConfigurationList;
			buildConfigurations = (
				3F6FB65B1F39FF52001BF4E4 /* Debug */,
				3F6FB65C1F39FF52001BF4E4 /* Release */,
			);
			defaultConfigurationIsVisible = 0;
		};
		3F6FB65D1F39FF52001BF4E4 /* Build configuration list for PBXNativeTarget "行间距UITests" */ = {
			isa = XCConfigurationList;
			buildConfigurations = (
				3F6FB65E1F39FF52001BF4E4 /* Debug */,
				3F6FB65F1F39FF52001BF4E4 /* Release */,
			);
			defaultConfigurationIsVisible = 0;
		};
/* End XCConfigurationList section */
	};
	rootObject = 3F6FB6221F39FF52001BF4E4 /* Project object */;
}
